// !$*UTF8*$!
{
	archiveVersion = 1;
	classes = {
	};
	objectVersion = 46;
	objects = {

/* Begin PBXBuildFile section */
		F2C304B51AEA0DCD00A8C330 /* AppDelegate.swift in Sources */ = {isa = PBXBuildFile; fileRef = F2C304B41AEA0DCD00A8C330 /* AppDelegate.swift */; };
		F2C304B81AEA0DCD00A8C330 /* Lucky__List.xcdatamodeld in Sources */ = {isa = PBXBuildFile; fileRef = F2C304B61AEA0DCD00A8C330 /* Lucky__List.xcdatamodeld */; };
		F2C304BA1AEA0DCD00A8C330 /* ViewController.swift in Sources */ = {isa = PBXBuildFile; fileRef = F2C304B91AEA0DCD00A8C330 /* ViewController.swift */; };
		F2C304BD1AEA0DCE00A8C330 /* Main.storyboard in Resources */ = {isa = PBXBuildFile; fileRef = F2C304BB1AEA0DCE00A8C330 /* Main.storyboard */; };
		F2C304BF1AEA0DCE00A8C330 /* Images.xcassets in Resources */ = {isa = PBXBuildFile; fileRef = F2C304BE1AEA0DCE00A8C330 /* Images.xcassets */; };
		F2C304C21AEA0DCE00A8C330 /* LaunchScreen.xib in Resources */ = {isa = PBXBuildFile; fileRef = F2C304C01AEA0DCE00A8C330 /* LaunchScreen.xib */; };
		F2C304CE1AEA0DCE00A8C330 /* Lucky__ListTests.swift in Sources */ = {isa = PBXBuildFile; fileRef = F2C304CD1AEA0DCE00A8C330 /* Lucky__ListTests.swift */; };
/* End PBXBuildFile section */

/* Begin PBXContainerItemProxy section */
		F2C304C81AEA0DCE00A8C330 /* PBXContainerItemProxy */ = {
			isa = PBXContainerItemProxy;
			containerPortal = F2C304A71AEA0DCD00A8C330 /* Project object */;
			proxyType = 1;
			remoteGlobalIDString = F2C304AE1AEA0DCD00A8C330;
			remoteInfo = "Lucky💗List";
		};
/* End PBXContainerItemProxy section */

/* Begin PBXFileReference section */
		F2C304AF1AEA0DCD00A8C330 /* Lucky💗List.app */ = {isa = PBXFileReference; explicitFileType = wrapper.application; includeInIndex = 0; path = "Lucky💗List.app"; sourceTree = BUILT_PRODUCTS_DIR; };
		F2C304B31AEA0DCD00A8C330 /* Info.plist */ = {isa = PBXFileReference; lastKnownFileType = text.plist.xml; path = Info.plist; sourceTree = "<group>"; };
		F2C304B41AEA0DCD00A8C330 /* AppDelegate.swift */ = {isa = PBXFileReference; lastKnownFileType = sourcecode.swift; path = AppDelegate.swift; sourceTree = "<group>"; };
		F2C304B71AEA0DCD00A8C330 /* Lucky__List.xcdatamodel */ = {isa = PBXFileReference; lastKnownFileType = wrapper.xcdatamodel; path = Lucky__List.xcdatamodel; sourceTree = "<group>"; };
		F2C304B91AEA0DCD00A8C330 /* ViewController.swift */ = {isa = PBXFileReference; lastKnownFileType = sourcecode.swift; path = ViewController.swift; sourceTree = "<group>"; };
		F2C304BC1AEA0DCE00A8C330 /* Base */ = {isa = PBXFileReference; lastKnownFileType = file.storyboard; name = Base; path = Base.lproj/Main.storyboard; sourceTree = "<group>"; };
		F2C304BE1AEA0DCE00A8C330 /* Images.xcassets */ = {isa = PBXFileReference; lastKnownFileType = folder.assetcatalog; path = Images.xcassets; sourceTree = "<group>"; };
		F2C304C11AEA0DCE00A8C330 /* Base */ = {isa = PBXFileReference; lastKnownFileType = file.xib; name = Base; path = Base.lproj/LaunchScreen.xib; sourceTree = "<group>"; };
		F2C304C71AEA0DCE00A8C330 /* Lucky💗ListTests.xctest */ = {isa = PBXFileReference; explicitFileType = wrapper.cfbundle; includeInIndex = 0; path = "Lucky💗ListTests.xctest"; sourceTree = BUILT_PRODUCTS_DIR; };
		F2C304CC1AEA0DCE00A8C330 /* Info.plist */ = {isa = PBXFileReference; lastKnownFileType = text.plist.xml; path = Info.plist; sourceTree = "<group>"; };
		F2C304CD1AEA0DCE00A8C330 /* Lucky__ListTests.swift */ = {isa = PBXFileReference; lastKnownFileType = sourcecode.swift; path = Lucky__ListTests.swift; sourceTree = "<group>"; };
/* End PBXFileReference section */

/* Begin PBXFrameworksBuildPhase section */
		F2C304AC1AEA0DCD00A8C330 /* Frameworks */ = {
			isa = PBXFrameworksBuildPhase;
			buildActionMask = 2147483647;
			files = (
			);
			runOnlyForDeploymentPostprocessing = 0;
		};
		F2C304C41AEA0DCE00A8C330 /* Frameworks */ = {
			isa = PBXFrameworksBuildPhase;
			buildActionMask = 2147483647;
			files = (
			);
			runOnlyForDeploymentPostprocessing = 0;
		};
/* End PBXFrameworksBuildPhase section */

/* Begin PBXGroup section */
		F2C304A61AEA0DCD00A8C330 = {
			isa = PBXGroup;
			children = (
				F2C304B11AEA0DCD00A8C330 /* Lucky💗List */,
				F2C304CA1AEA0DCE00A8C330 /* Lucky💗ListTests */,
				F2C304B01AEA0DCD00A8C330 /* Products */,
			);
			sourceTree = "<group>";
		};
		F2C304B01AEA0DCD00A8C330 /* Products */ = {
			isa = PBXGroup;
			children = (
				F2C304AF1AEA0DCD00A8C330 /* Lucky💗List.app */,
				F2C304C71AEA0DCE00A8C330 /* Lucky💗ListTests.xctest */,
			);
			name = Products;
			sourceTree = "<group>";
		};
		F2C304B11AEA0DCD00A8C330 /* Lucky💗List */ = {
			isa = PBXGroup;
			children = (
				F2C304B41AEA0DCD00A8C330 /* AppDelegate.swift */,
				F2C304B91AEA0DCD00A8C330 /* ViewController.swift */,
				F2C304BB1AEA0DCE00A8C330 /* Main.storyboard */,
				F2C304BE1AEA0DCE00A8C330 /* Images.xcassets */,
				F2C304C01AEA0DCE00A8C330 /* LaunchScreen.xib */,
				F2C304B61AEA0DCD00A8C330 /* Lucky__List.xcdatamodeld */,
				F2C304B21AEA0DCD00A8C330 /* Supporting Files */,
			);
			path = "Lucky💗List";
			sourceTree = "<group>";
		};
		F2C304B21AEA0DCD00A8C330 /* Supporting Files */ = {
			isa = PBXGroup;
			children = (
				F2C304B31AEA0DCD00A8C330 /* Info.plist */,
			);
			name = "Supporting Files";
			sourceTree = "<group>";
		};
		F2C304CA1AEA0DCE00A8C330 /* Lucky💗ListTests */ = {
			isa = PBXGroup;
			children = (
				F2C304CD1AEA0DCE00A8C330 /* Lucky__ListTests.swift */,
				F2C304CB1AEA0DCE00A8C330 /* Supporting Files */,
			);
			path = "Lucky💗ListTests";
			sourceTree = "<group>";
		};
		F2C304CB1AEA0DCE00A8C330 /* Supporting Files */ = {
			isa = PBXGroup;
			children = (
				F2C304CC1AEA0DCE00A8C330 /* Info.plist */,
			);
			name = "Supporting Files";
			sourceTree = "<group>";
		};
/* End PBXGroup section */

/* Begin PBXNativeTarget section */
		F2C304AE1AEA0DCD00A8C330 /* Lucky💗List */ = {
			isa = PBXNativeTarget;
			buildConfigurationList = F2C304D11AEA0DCE00A8C330 /* Build configuration list for PBXNativeTarget "Lucky💗List" */;
			buildPhases = (
				F2C304AB1AEA0DCD00A8C330 /* Sources */,
				F2C304AC1AEA0DCD00A8C330 /* Frameworks */,
				F2C304AD1AEA0DCD00A8C330 /* Resources */,
			);
			buildRules = (
			);
			dependencies = (
			);
			name = "Lucky💗List";
			productName = "Lucky💗List";
			productReference = F2C304AF1AEA0DCD00A8C330 /* Lucky💗List.app */;
			productType = "com.apple.product-type.application";
		};
		F2C304C61AEA0DCE00A8C330 /* Lucky💗ListTests */ = {
			isa = PBXNativeTarget;
			buildConfigurationList = F2C304D41AEA0DCE00A8C330 /* Build configuration list for PBXNativeTarget "Lucky💗ListTests" */;
			buildPhases = (
				F2C304C31AEA0DCE00A8C330 /* Sources */,
				F2C304C41AEA0DCE00A8C330 /* Frameworks */,
				F2C304C51AEA0DCE00A8C330 /* Resources */,
			);
			buildRules = (
			);
			dependencies = (
				F2C304C91AEA0DCE00A8C330 /* PBXTargetDependency */,
			);
			name = "Lucky💗ListTests";
			productName = "Lucky💗ListTests";
			productReference = F2C304C71AEA0DCE00A8C330 /* Lucky💗ListTests.xctest */;
			productType = "com.apple.product-type.bundle.unit-test";
		};
/* End PBXNativeTarget section */

/* Begin PBXProject section */
		F2C304A71AEA0DCD00A8C330 /* Project object */ = {
			isa = PBXProject;
			attributes = {
				LastUpgradeCheck = 0610;
				ORGANIZATIONNAME = Fiona;
				TargetAttributes = {
					F2C304AE1AEA0DCD00A8C330 = {
						CreatedOnToolsVersion = 6.1.1;
					};
					F2C304C61AEA0DCE00A8C330 = {
						CreatedOnToolsVersion = 6.1.1;
						TestTargetID = F2C304AE1AEA0DCD00A8C330;
					};
				};
			};
			buildConfigurationList = F2C304AA1AEA0DCD00A8C330 /* Build configuration list for PBXProject "Lucky💗List" */;
			compatibilityVersion = "Xcode 3.2";
			developmentRegion = English;
			hasScannedForEncodings = 0;
			knownRegions = (
				en,
				Base,
			);
			mainGroup = F2C304A61AEA0DCD00A8C330;
			productRefGroup = F2C304B01AEA0DCD00A8C330 /* Products */;
			projectDirPath = "";
			projectRoot = "";
			targets = (
				F2C304AE1AEA0DCD00A8C330 /* Lucky💗List */,
				F2C304C61AEA0DCE00A8C330 /* Lucky💗ListTests */,
			);
		};
/* End PBXProject section */

/* Begin PBXResourcesBuildPhase section */
		F2C304AD1AEA0DCD00A8C330 /* Resources */ = {
			isa = PBXResourcesBuildPhase;
			buildActionMask = 2147483647;
			files = (
				F2C304BD1AEA0DCE00A8C330 /* Main.storyboard in Resources */,
				F2C304C21AEA0DCE00A8C330 /* LaunchScreen.xib in Resources */,
				F2C304BF1AEA0DCE00A8C330 /* Images.xcassets in Resources */,
			);
			runOnlyForDeploymentPostprocessing = 0;
		};
		F2C304C51AEA0DCE00A8C330 /* Resources */ = {
			isa = PBXResourcesBuildPhase;
			buildActionMask = 2147483647;
			files = (
			);
			runOnlyForDeploymentPostprocessing = 0;
		};
/* End PBXResourcesBuildPhase section */

/* Begin PBXSourcesBuildPhase section */
		F2C304AB1AEA0DCD00A8C330 /* Sources */ = {
			isa = PBXSourcesBuildPhase;
			buildActionMask = 2147483647;
			files = (
				F2C304BA1AEA0DCD00A8C330 /* ViewController.swift in Sources */,
				F2C304B81AEA0DCD00A8C330 /* Lucky__List.xcdatamodeld in Sources */,
				F2C304B51AEA0DCD00A8C330 /* AppDelegate.swift in Sources */,
			);
			runOnlyForDeploymentPostprocessing = 0;
		};
		F2C304C31AEA0DCE00A8C330 /* Sources */ = {
			isa = PBXSourcesBuildPhase;
			buildActionMask = 2147483647;
			files = (
				F2C304CE1AEA0DCE00A8C330 /* Lucky__ListTests.swift in Sources */,
			);
			runOnlyForDeploymentPostprocessing = 0;
		};
/* End PBXSourcesBuildPhase section */

/* Begin PBXTargetDependency section */
		F2C304C91AEA0DCE00A8C330 /* PBXTargetDependency */ = {
			isa = PBXTargetDependency;
			target = F2C304AE1AEA0DCD00A8C330 /* Lucky💗List */;
			targetProxy = F2C304C81AEA0DCE00A8C330 /* PBXContainerItemProxy */;
		};
/* End PBXTargetDependency section */

/* Begin PBXVariantGroup section */
		F2C304BB1AEA0DCE00A8C330 /* Main.storyboard */ = {
			isa = PBXVariantGroup;
			children = (
				F2C304BC1AEA0DCE00A8C330 /* Base */,
			);
			name = Main.storyboard;
			sourceTree = "<group>";
		};
		F2C304C01AEA0DCE00A8C330 /* LaunchScreen.xib */ = {
			isa = PBXVariantGroup;
			children = (
				F2C304C11AEA0DCE00A8C330 /* Base */,
			);
			name = LaunchScreen.xib;
			sourceTree = "<group>";
		};
/* End PBXVariantGroup section */

/* Begin XCBuildConfiguration section */
		F2C304CF1AEA0DCE00A8C330 /* Debug */ = {
			isa = XCBuildConfiguration;
			buildSettings = {
				ALWAYS_SEARCH_USER_PATHS = NO;
				CLANG_CXX_LANGUAGE_STANDARD = "gnu++0x";
				CLANG_CXX_LIBRARY = "libc++";
				CLANG_ENABLE_MODULES = YES;
				CLANG_ENABLE_OBJC_ARC = YES;
				CLANG_WARN_BOOL_CONVERSION = YES;
				CLANG_WARN_CONSTANT_CONVERSION = YES;
				CLANG_WARN_DIRECT_OBJC_ISA_USAGE = YES_ERROR;
				CLANG_WARN_EMPTY_BODY = YES;
				CLANG_WARN_ENUM_CONVERSION = YES;
				CLANG_WARN_INT_CONVERSION = YES;
				CLANG_WARN_OBJC_ROOT_CLASS = YES_ERROR;
				CLANG_WARN_UNREACHABLE_CODE = YES;
				CLANG_WARN__DUPLICATE_METHOD_MATCH = YES;
				"CODE_SIGN_IDENTITY[sdk=iphoneos*]" = "iPhone Developer";
				COPY_PHASE_STRIP = NO;
				ENABLE_STRICT_OBJC_MSGSEND = YES;
				GCC_C_LANGUAGE_STANDARD = gnu99;
				GCC_DYNAMIC_NO_PIC = NO;
				GCC_OPTIMIZATION_LEVEL = 0;
				GCC_PREPROCESSOR_DEFINITIONS = (
					"DEBUG=1",
					"$(inherited)",
				);
				GCC_SYMBOLS_PRIVATE_EXTERN = NO;
				GCC_WARN_64_TO_32_BIT_CONVERSION = YES;
				GCC_WARN_ABOUT_RETURN_TYPE = YES_ERROR;
				GCC_WARN_UNDECLARED_SELECTOR = YES;
				GCC_WARN_UNINITIALIZED_AUTOS = YES_AGGRESSIVE;
				GCC_WARN_UNUSED_FUNCTION = YES;
				GCC_WARN_UNUSED_VARIABLE = YES;
				IPHONEOS_DEPLOYMENT_TARGET = 8.1;
				MTL_ENABLE_DEBUG_INFO = YES;
				ONLY_ACTIVE_ARCH = YES;
				SDKROOT = iphoneos;
				SWIFT_OPTIMIZATION_LEVEL = "-Onone";
			};
			name = Debug;
		};
		F2C304D01AEA0DCE00A8C330 /* Release */ = {
			isa = XCBuildConfiguration;
			buildSettings = {
				ALWAYS_SEARCH_USER_PATHS = NO;
				CLANG_CXX_LANGUAGE_STANDARD = "gnu++0x";
				CLANG_CXX_LIBRARY = "libc++";
				CLANG_ENABLE_MODULES = YES;
				CLANG_ENABLE_OBJC_ARC = YES;
				CLANG_WARN_BOOL_CONVERSION = YES;
				CLANG_WARN_CONSTANT_CONVERSION = YES;
				CLANG_WARN_DIRECT_OBJC_ISA_USAGE = YES_ERROR;
				CLANG_WARN_EMPTY_BODY = YES;
				CLANG_WARN_ENUM_CONVERSION = YES;
				CLANG_WARN_INT_CONVERSION = YES;
				CLANG_WARN_OBJC_ROOT_CLASS = YES_ERROR;
				CLANG_WARN_UNREACHABLE_CODE = YES;
				CLANG_WARN__DUPLICATE_METHOD_MATCH = YES;
				"CODE_SIGN_IDENTITY[sdk=iphoneos*]" = "iPhone Developer";
				COPY_PHASE_STRIP = YES;
				ENABLE_NS_ASSERTIONS = NO;
				ENABLE_STRICT_OBJC_MSGSEND = YES;
				GCC_C_LANGUAGE_STANDARD = gnu99;
				GCC_WARN_64_TO_32_BIT_CONVERSION = YES;
				GCC_WARN_ABOUT_RETURN_TYPE = YES_ERROR;
				GCC_WARN_UNDECLARED_SELECTOR = YES;
				GCC_WARN_UNINITIALIZED_AUTOS = YES_AGGRESSIVE;
				GCC_WARN_UNUSED_FUNCTION = YES;
				GCC_WARN_UNUSED_VARIABLE = YES;
				IPHONEOS_DEPLOYMENT_TARGET = 8.1;
				MTL_ENABLE_DEBUG_INFO = NO;
				SDKROOT = iphoneos;
				VALIDATE_PRODUCT = YES;
			};
			name = Release;
		};
		F2C304D21AEA0DCE00A8C330 /* Debug */ = {
			isa = XCBuildConfiguration;
			buildSettings = {
				ASSETCATALOG_COMPILER_APPICON_NAME = AppIcon;
				INFOPLIST_FILE = "Lucky💗List/Info.plist";
				LD_RUNPATH_SEARCH_PATHS = "$(inherited) @executable_path/Frameworks";
				PRODUCT_NAME = "$(TARGET_NAME)";
			};
			name = Debug;
		};
		F2C304D31AEA0DCE00A8C330 /* Release */ = {
			isa = XCBuildConfiguration;
			buildSettings = {
				ASSETCATALOG_COMPILER_APPICON_NAME = AppIcon;
				INFOPLIST_FILE = "Lucky💗List/Info.plist";
				LD_RUNPATH_SEARCH_PATHS = "$(inherited) @executable_path/Frameworks";
				PRODUCT_NAME = "$(TARGET_NAME)";
			};
			name = Release;
		};
		F2C304D51AEA0DCE00A8C330 /* Debug */ = {
			isa = XCBuildConfiguration;
			buildSettings = {
				BUNDLE_LOADER = "$(TEST_HOST)";
				FRAMEWORK_SEARCH_PATHS = (
					"$(SDKROOT)/Developer/Library/Frameworks",
					"$(inherited)",
				);
				GCC_PREPROCESSOR_DEFINITIONS = (
					"DEBUG=1",
					"$(inherited)",
				);
				INFOPLIST_FILE = "Lucky💗ListTests/Info.plist";
				LD_RUNPATH_SEARCH_PATHS = "$(inherited) @executable_path/Frameworks @loader_path/Frameworks";
				PRODUCT_NAME = "$(TARGET_NAME)";
				TEST_HOST = "$(BUILT_PRODUCTS_DIR)/Lucky💗List.app/Lucky💗List";
			};
			name = Debug;
		};
		F2C304D61AEA0DCE00A8C330 /* Release */ = {
			isa = XCBuildConfiguration;
			buildSettings = {
				BUNDLE_LOADER = "$(TEST_HOST)";
				FRAMEWORK_SEARCH_PATHS = (
					"$(SDKROOT)/Developer/Library/Frameworks",
					"$(inherited)",
				);
				INFOPLIST_FILE = "Lucky💗ListTests/Info.plist";
				LD_RUNPATH_SEARCH_PATHS = "$(inherited) @executable_path/Frameworks @loader_path/Frameworks";
				PRODUCT_NAME = "$(TARGET_NAME)";
				TEST_HOST = "$(BUILT_PRODUCTS_DIR)/Lucky💗List.app/Lucky💗List";
			};
			name = Release;
		};
/* End XCBuildConfiguration section */

/* Begin XCConfigurationList section */
		F2C304AA1AEA0DCD00A8C330 /* Build configuration list for PBXProject "Lucky💗List" */ = {
			isa = XCConfigurationList;
			buildConfigurations = (
				F2C304CF1AEA0DCE00A8C330 /* Debug */,
				F2C304D01AEA0DCE00A8C330 /* Release */,
			);
			defaultConfigurationIsVisible = 0;
			defaultConfigurationName = Release;
		};
		F2C304D11AEA0DCE00A8C330 /* Build configuration list for PBXNativeTarget "Lucky💗List" */ = {
			isa = XCConfigurationList;
			buildConfigurations = (
				F2C304D21AEA0DCE00A8C330 /* Debug */,
				F2C304D31AEA0DCE00A8C330 /* Release */,
			);
			defaultConfigurationIsVisible = 0;
		};
		F2C304D41AEA0DCE00A8C330 /* Build configuration list for PBXNativeTarget "Lucky💗ListTests" */ = {
			isa = XCConfigurationList;
			buildConfigurations = (
				F2C304D51AEA0DCE00A8C330 /* Debug */,
				F2C304D61AEA0DCE00A8C330 /* Release */,
			);
			defaultConfigurationIsVisible = 0;
		};
/* End XCConfigurationList section */

/* Begin XCVersionGroup section */
		F2C304B61AEA0DCD00A8C330 /* Lucky__List.xcdatamodeld */ = {
			isa = XCVersionGroup;
			children = (
				F2C304B71AEA0DCD00A8C330 /* Lucky__List.xcdatamodel */,
			);
			currentVersion = F2C304B71AEA0DCD00A8C330 /* Lucky__List.xcdatamodel */;
			path = Lucky__List.xcdatamodeld;
			sourceTree = "<group>";
			versionGroupType = wrapper.xcdatamodel;
		};
/* End XCVersionGroup section */
	};
	rootObject = F2C304A71AEA0DCD00A8C330 /* Project object */;
}
